{
  "name": "badaxe",
  "version": "1.0.0",
  "lockfileVersion": 3,
  "requires": true,
  "packages": {
    "": {
      "name": "badaxe",
      "version": "1.0.0",
      "license": "MIT",
      "dependencies": {
        "p5": "^1.9.0",
        "p5play": "^3.18.11",
        "planck": "^1.0.0"
      }
    },
    "node_modules/p5": {
      "version": "1.9.0",
      "resolved": "https://registry.npmjs.org/p5/-/p5-1.9.0.tgz",
      "integrity": "sha512-+5/hz0ZokCDf7BMMAeemE7FIo7gFZK7ImL62acHLXZwerGjqj+171bnaAWj4aCFCx6fwysAr2U7/AKuPyPhehA=="
    },
    "node_modules/p5play": {
      "version": "3.18.11",
      "resolved": "https://registry.npmjs.org/p5play/-/p5play-3.18.11.tgz",
      "integrity": "sha512-7JDBB6/0ohxLsP8kaC4KawaEbbQ5/KMc8UbLiuOTB5m5dy1LY4gx76mnGRv1sAocqtbnkXkkj5LwDZEG6bn48g=="
    },
    "node_modules/planck": {
      "version": "1.0.0",
      "resolved": "https://registry.npmjs.org/planck/-/planck-1.0.0.tgz",
      "integrity": "sha512-XiHGJw23B7MVFGrvzs+sK9PowfStl8fUrB3p2ZsXWBCzUjdd9WJefKyISkjVvpkVM9b5XY2Tch1ATMXzbr5LsA==",
      "dependencies": {
        "stage-js": "github:piqnt/stage.js#v1-alpha"
      },
      "engines": {
        "node": ">=14.0"
      }
    },
    "node_modules/stage-js": {
      "version": "1.0.0-alpha.1",
      "resolved": "git+ssh://git@github.com/piqnt/stage.js.git#15b1b4dee24c2b6853ec25a03db39417e5c37e1b",
      "license": "MIT"
    }
  }
}
